# This file is autogenerated, do not edit; changes may be undone by the next 'dep ensure'.


[[projects]]
  digest = "1:ec6f9bf5e274c833c911923c9193867f3f18788c461f76f05f62bb1510e0ae65"
  name = "github.com/go-sql-driver/mysql"
  packages = ["."]
  pruneopts = "UT"
  revision = "72cd26f257d44c1114970e19afddcd812016007e"
  version = "v1.4.1"

[[projects]]
  digest = "1:1eac9e6cba6065ad43c20d37ef8679b2d85998aeae23efab53d2db6515a1ec81"
  name = "github.com/jinzhu/gorm"
  packages = [
    ".",
    "dialects/mysql",
  ]
  pruneopts = "UT"
  revision = "b7156195f7f3415f97c20abbd6aff894b847fee8"
  version = "v1.9.8"

[[projects]]
  branch = "master"
  digest = "1:fd97437fbb6b7dce04132cf06775bd258cce305c44add58eb55ca86c6c325160"
  name = "github.com/jinzhu/inflection"
  packages = ["."]
  pruneopts = "UT"
  revision = "04140366298a54a039076d798123ffa108fff46c"

[[projects]]
  digest = "1:c25289f43ac4a68d88b02245742347c94f1e108c534dda442188015ff80669b3"
  name = "google.golang.org/appengine"
  packages = ["cloudsql"]
  pruneopts = "UT"
  revision = "4c25cacc810c02874000e4f7071286a8e96b2515"
  version = "v1.6.0"

[solve-meta]
  analyzer-name = "dep"
  analyzer-version = 1
  input-imports = [
    "github.com/jinzhu/gorm",
    "github.com/jinzhu/gorm/dialects/mysql",
  ]
  solver-name = "gps-cdcl"
  solver-version = 1
